
Microsoft Visual Studio Solution File, Format Version 12.00
# Visual Studio Version 16
VisualStudioVersion = 16.0.29613.14
MinimumVisualStudioVersion = 10.0.40219.1
Project("{FAE04EC0-301F-11D3-BF4B-00C04F79EFBC}") = "netcoreTestApp", "netcoreTestApp\netcoreTestApp.csproj", "{01F50C5E-4CFE-4DD7-AEEE-0D5ED54FC213}"
EndProject
Global
	GlobalSection(SolutionConfigurationPlatforms) = preSolution
		Debug|Any CPU = Debug|Any CPU
		Release|Any CPU = Release|Any CPU
	EndGlobalSection
	GlobalSection(ProjectConfigurationPlatforms) = postSolution
		{01F50C5E-4CFE-4DD7-AEEE-0D5ED54FC213}.Debug|Any CPU.ActiveCfg = Debug|Any CPU
		{01F50C5E-4CFE-4DD7-AEEE-0D5ED54FC213}.Debug|Any CPU.Build.0 = Debug|Any CPU
		{01F50C5E-4CFE-4DD7-AEEE-0D5ED54FC213}.Release|Any CPU.ActiveCfg = Release|Any CPU
		{01F50C5E-4CFE-4DD7-AEEE-0D5ED54FC213}.Release|Any CPU.Build.0 = Release|Any CPU
	EndGlobalSection
	GlobalSection(SolutionProperties) = preSolution
		HideSolutionNode = FALSE
	EndGlobalSection
	GlobalSection(ExtensibilityGlobals) = postSolution
		SolutionGuid = {092EA418-2029-401F-A13D-5C3D00211480}
	EndGlobalSection
EndGlobal
